{
  "name": "petlife-vk",
  "version": "0.1.0",
  "lockfileVersion": 3,
  "requires": true,
  "packages": {
    "": {
      "name": "petlife-vk",
      "version": "0.1.0",
      "workspaces": [
        "apps/frontend"
      ]
    },
    "apps/frontend": {
      "name": "@petlife-vk/frontend",
      "version": "0.1.0",
      "dependencies": {
        "@react-three/drei": "^9.122.0",
        "@react-three/fiber": "^8.17.10",
        "@vkontakte/vk-bridge": "^2.15.0",
        "@vkontakte/vkui": "^6.10.0",
        "react": "^18.3.1",
        "react-dom": "^18.3.1",
        "three": "^0.168.0"
      },
      "devDependencies": {
        "@testing-library/jest-dom": "^6.6.3",
        "@testing-library/react": "^16.1.0",
        "@types/react": "^18.3.18",
        "@types/react-dom": "^18.3.5",
        "@types/three": "^0.168.0",
        "@vitejs/plugin-react": "^4.3.4",
        "jsdom": "^25.0.1",
        "typescript": "^5.7.3",
        "vite": "^6.0.7",
        "vitest": "^2.1.8"
      }
    },
    "node_modules/@petlife-vk/frontend": {
      "resolved": "apps/frontend",
      "link": true
    }
  }
}
