{
  "name": "oge-ege-helper",
  "version": "0.1.0",
  "lockfileVersion": 3,
  "requires": true,
  "packages": {
    "": {
      "name": "oge-ege-helper",
      "version": "0.1.0",
      "workspaces": [
        "apps/frontend",
        "apps/backend"
      ]
    },
    "apps/backend": {
      "name": "@oge-ege/backend",
      "version": "0.1.0",
      "devDependencies": {}
    },
    "apps/frontend": {
      "name": "@oge-ege/frontend",
      "version": "0.1.0",
      "devDependencies": {}
    },
    "node_modules/@oge-ege/backend": {
      "resolved": "apps/backend",
      "link": true
    },
    "node_modules/@oge-ege/frontend": {
      "resolved": "apps/frontend",
      "link": true
    }
  }
}
